// !$*UTF8*$!
{
	archiveVersion = 1;
	classes = {
	};
	objectVersion = 77;
	objects = {

/* Begin PBXBuildFile section */
		B7FC80D32CA4493700638D99 /* HighlightSwift in Frameworks */ = {isa = PBXBuildFile; productRef = B7FC80D22CA4493700638D99 /* HighlightSwift */; };
/* End PBXBuildFile section */

/* Begin PBXContainerItemProxy section */
		B71A7EA52C9B062800023211 /* PBXContainerItemProxy */ = {
			isa = PBXContainerItemProxy;
			containerPortal = B71A7E8C2C9B062700023211 /* Project object */;
			proxyType = 1;
			remoteGlobalIDString = B71A7E932C9B062700023211;
			remoteInfo = Training;
		};
		B71A7EAF2C9B062800023211 /* PBXContainerItemProxy */ = {
			isa = PBXContainerItemProxy;
			containerPortal = B71A7E8C2C9B062700023211 /* Project object */;
			proxyType = 1;
			remoteGlobalIDString = B71A7E932C9B062700023211;
			remoteInfo = Training;
		};
/* End PBXContainerItemProxy section */

/* Begin PBXFileReference section */
		B71A7E942C9B062700023211 /* Suburi.app */ = {isa = PBXFileReference; explicitFileType = wrapper.application; includeInIndex = 0; path = Suburi.app; sourceTree = BUILT_PRODUCTS_DIR; };
		B71A7EA42C9B062800023211 /* SuburiTests.xctest */ = {isa = PBXFileReference; explicitFileType = wrapper.cfbundle; includeInIndex = 0; path = SuburiTests.xctest; sourceTree = BUILT_PRODUCTS_DIR; };
		B71A7EAE2C9B062800023211 /* SuburiUITests.xctest */ = {isa = PBXFileReference; explicitFileType = wrapper.cfbundle; includeInIndex = 0; path = SuburiUITests.xctest; sourceTree = BUILT_PRODUCTS_DIR; };
/* End PBXFileReference section */

/* Begin PBXFileSystemSynchronizedRootGroup section */
		B71A7E962C9B062700023211 /* Suburi */ = {
			isa = PBXFileSystemSynchronizedRootGroup;
			path = Suburi;
			sourceTree = "<group>";
		};
		B71A7EA72C9B062800023211 /* SuburiTests */ = {
			isa = PBXFileSystemSynchronizedRootGroup;
			path = SuburiTests;
			sourceTree = "<group>";
		};
		B71A7EB12C9B062800023211 /* SuburiUITests */ = {
			isa = PBXFileSystemSynchronizedRootGroup;
			path = SuburiUITests;
			sourceTree = "<group>";
		};
/* End PBXFileSystemSynchronizedRootGroup section */

/* Begin PBXFrameworksBuildPhase section */
		B71A7E912C9B062700023211 /* Frameworks */ = {
			isa = PBXFrameworksBuildPhase;
			buildActionMask = 2147483647;
			files = (
				B7FC80D32CA4493700638D99 /* HighlightSwift in Frameworks */,
			);
			runOnlyForDeploymentPostprocessing = 0;
		};
		B71A7EA12C9B062800023211 /* Frameworks */ = {
			isa = PBXFrameworksBuildPhase;
			buildActionMask = 2147483647;
			files = (
			);
			runOnlyForDeploymentPostprocessing = 0;
		};
		B71A7EAB2C9B062800023211 /* Frameworks */ = {
			isa = PBXFrameworksBuildPhase;
			buildActionMask = 2147483647;
			files = (
			);
			runOnlyForDeploymentPostprocessing = 0;
		};
/* End PBXFrameworksBuildPhase section */

/* Begin PBXGroup section */
		B71A7E8B2C9B062700023211 = {
			isa = PBXGroup;
			children = (
				B71A7E962C9B062700023211 /* Suburi */,
				B71A7EA72C9B062800023211 /* SuburiTests */,
				B71A7EB12C9B062800023211 /* SuburiUITests */,
				B71A7E952C9B062700023211 /* Products */,
			);
			sourceTree = "<group>";
		};
		B71A7E952C9B062700023211 /* Products */ = {
			isa = PBXGroup;
			children = (
				B71A7E942C9B062700023211 /* Suburi.app */,
				B71A7EA42C9B062800023211 /* SuburiTests.xctest */,
				B71A7EAE2C9B062800023211 /* SuburiUITests.xctest */,
			);
			name = Products;
			sourceTree = "<group>";
		};
/* End PBXGroup section */

/* Begin PBXNativeTarget section */
		B71A7E932C9B062700023211 /* Suburi */ = {
			isa = PBXNativeTarget;
			buildConfigurationList = B71A7EB82C9B062800023211 /* Build configuration list for PBXNativeTarget "Suburi" */;
			buildPhases = (
				B71A7E902C9B062700023211 /* Sources */,
				B71A7E912C9B062700023211 /* Frameworks */,
				B71A7E922C9B062700023211 /* Resources */,
			);
			buildRules = (
			);
			dependencies = (
			);
			fileSystemSynchronizedGroups = (
				B71A7E962C9B062700023211 /* Suburi */,
			);
			name = Suburi;
			packageProductDependencies = (
				B7FC80D22CA4493700638D99 /* HighlightSwift */,
			);
			productName = Training;
			productReference = B71A7E942C9B062700023211 /* Suburi.app */;
			productType = "com.apple.product-type.application";
		};
		B71A7EA32C9B062800023211 /* SuburiTests */ = {
			isa = PBXNativeTarget;
			buildConfigurationList = B71A7EBB2C9B062800023211 /* Build configuration list for PBXNativeTarget "SuburiTests" */;
			buildPhases = (
				B71A7EA02C9B062800023211 /* Sources */,
				B71A7EA12C9B062800023211 /* Frameworks */,
				B71A7EA22C9B062800023211 /* Resources */,
			);
			buildRules = (
			);
			dependencies = (
				B71A7EA62C9B062800023211 /* PBXTargetDependency */,
			);
			fileSystemSynchronizedGroups = (
				B71A7EA72C9B062800023211 /* SuburiTests */,
			);
			name = SuburiTests;
			packageProductDependencies = (
			);
			productName = TrainingTests;
			productReference = B71A7EA42C9B062800023211 /* SuburiTests.xctest */;
			productType = "com.apple.product-type.bundle.unit-test";
		};
		B71A7EAD2C9B062800023211 /* SuburiUITests */ = {
			isa = PBXNativeTarget;
			buildConfigurationList = B71A7EBE2C9B062800023211 /* Build configuration list for PBXNativeTarget "SuburiUITests" */;
			buildPhases = (
				B71A7EAA2C9B062800023211 /* Sources */,
				B71A7EAB2C9B062800023211 /* Frameworks */,
				B71A7EAC2C9B062800023211 /* Resources */,
			);
			buildRules = (
			);
			dependencies = (
				B71A7EB02C9B062800023211 /* PBXTargetDependency */,
			);
			fileSystemSynchronizedGroups = (
				B71A7EB12C9B062800023211 /* SuburiUITests */,
			);
			name = SuburiUITests;
			packageProductDependencies = (
			);
			productName = TrainingUITests;
			productReference = B71A7EAE2C9B062800023211 /* SuburiUITests.xctest */;
			productType = "com.apple.product-type.bundle.ui-testing";
		};
/* End PBXNativeTarget section */

/* Begin PBXProject section */
		B71A7E8C2C9B062700023211 /* Project object */ = {
			isa = PBXProject;
			attributes = {
				BuildIndependentTargetsInParallel = 1;
				LastSwiftUpdateCheck = 1600;
				LastUpgradeCheck = 1600;
				TargetAttributes = {
					B71A7E932C9B062700023211 = {
						CreatedOnToolsVersion = 16.0;
					};
					B71A7EA32C9B062800023211 = {
						CreatedOnToolsVersion = 16.0;
						TestTargetID = B71A7E932C9B062700023211;
					};
					B71A7EAD2C9B062800023211 = {
						CreatedOnToolsVersion = 16.0;
						TestTargetID = B71A7E932C9B062700023211;
					};
				};
			};
			buildConfigurationList = B71A7E8F2C9B062700023211 /* Build configuration list for PBXProject "Suburi" */;
			developmentRegion = en;
			hasScannedForEncodings = 0;
			knownRegions = (
				en,
				Base,
				ja,
			);
			mainGroup = B71A7E8B2C9B062700023211;
			minimizedProjectReferenceProxies = 1;
			packageReferences = (
				B7FC80D12CA4493700638D99 /* XCRemoteSwiftPackageReference "HighlightSwift" */,
			);
			preferredProjectObjectVersion = 77;
			productRefGroup = B71A7E952C9B062700023211 /* Products */;
			projectDirPath = "";
			projectRoot = "";
			targets = (
				B71A7E932C9B062700023211 /* Suburi */,
				B71A7EA32C9B062800023211 /* SuburiTests */,
				B71A7EAD2C9B062800023211 /* SuburiUITests */,
			);
		};
/* End PBXProject section */

/* Begin PBXResourcesBuildPhase section */
		B71A7E922C9B062700023211 /* Resources */ = {
			isa = PBXResourcesBuildPhase;
			buildActionMask = 2147483647;
			files = (
			);
			runOnlyForDeploymentPostprocessing = 0;
		};
		B71A7EA22C9B062800023211 /* Resources */ = {
			isa = PBXResourcesBuildPhase;
			buildActionMask = 2147483647;
			files = (
			);
			runOnlyForDeploymentPostprocessing = 0;
		};
		B71A7EAC2C9B062800023211 /* Resources */ = {
			isa = PBXResourcesBuildPhase;
			buildActionMask = 2147483647;
			files = (
			);
			runOnlyForDeploymentPostprocessing = 0;
		};
/* End PBXResourcesBuildPhase section */

/* Begin PBXSourcesBuildPhase section */
		B71A7E902C9B062700023211 /* Sources */ = {
			isa = PBXSourcesBuildPhase;
			buildActionMask = 2147483647;
			files = (
			);
			runOnlyForDeploymentPostprocessing = 0;
		};
		B71A7EA02C9B062800023211 /* Sources */ = {
			isa = PBXSourcesBuildPhase;
			buildActionMask = 2147483647;
			files = (
			);
			runOnlyForDeploymentPostprocessing = 0;
		};
		B71A7EAA2C9B062800023211 /* Sources */ = {
			isa = PBXSourcesBuildPhase;
			buildActionMask = 2147483647;
			files = (
			);
			runOnlyForDeploymentPostprocessing = 0;
		};
/* End PBXSourcesBuildPhase section */

/* Begin PBXTargetDependency section */
		B71A7EA62C9B062800023211 /* PBXTargetDependency */ = {
			isa = PBXTargetDependency;
			target = B71A7E932C9B062700023211 /* Suburi */;
			targetProxy = B71A7EA52C9B062800023211 /* PBXContainerItemProxy */;
		};
		B71A7EB02C9B062800023211 /* PBXTargetDependency */ = {
			isa = PBXTargetDependency;
			target = B71A7E932C9B062700023211 /* Suburi */;
			targetProxy = B71A7EAF2C9B062800023211 /* PBXContainerItemProxy */;
		};
/* End PBXTargetDependency section */

/* Begin XCBuildConfiguration section */
		B71A7EB62C9B062800023211 /* Debug */ = {
			isa = XCBuildConfiguration;
			buildSettings = {
				ALWAYS_SEARCH_USER_PATHS = NO;
				ASSETCATALOG_COMPILER_GENERATE_SWIFT_ASSET_SYMBOL_EXTENSIONS = YES;
				CLANG_ANALYZER_NONNULL = YES;
				CLANG_ANALYZER_NUMBER_OBJECT_CONVERSION = YES_AGGRESSIVE;
				CLANG_CXX_LANGUAGE_STANDARD = "gnu++20";
				CLANG_ENABLE_MODULES = YES;
				CLANG_ENABLE_OBJC_ARC = YES;
				CLANG_ENABLE_OBJC_WEAK = YES;
				CLANG_WARN_BLOCK_CAPTURE_AUTORELEASING = YES;
				CLANG_WARN_BOOL_CONVERSION = YES;
				CLANG_WARN_COMMA = YES;
				CLANG_WARN_CONSTANT_CONVERSION = YES;
				CLANG_WARN_DEPRECATED_OBJC_IMPLEMENTATIONS = YES;
				CLANG_WARN_DIRECT_OBJC_ISA_USAGE = YES_ERROR;
				CLANG_WARN_DOCUMENTATION_COMMENTS = YES;
				CLANG_WARN_EMPTY_BODY = YES;
				CLANG_WARN_ENUM_CONVERSION = YES;
				CLANG_WARN_INFINITE_RECURSION = YES;
				CLANG_WARN_INT_CONVERSION = YES;
				CLANG_WARN_NON_LITERAL_NULL_CONVERSION = YES;
				CLANG_WARN_OBJC_IMPLICIT_RETAIN_SELF = YES;
				CLANG_WARN_OBJC_LITERAL_CONVERSION = YES;
				CLANG_WARN_OBJC_ROOT_CLASS = YES_ERROR;
				CLANG_WARN_QUOTED_INCLUDE_IN_FRAMEWORK_HEADER = YES;
				CLANG_WARN_RANGE_LOOP_ANALYSIS = YES;
				CLANG_WARN_STRICT_PROTOTYPES = YES;
				CLANG_WARN_SUSPICIOUS_MOVE = YES;
				CLANG_WARN_UNGUARDED_AVAILABILITY = YES_AGGRESSIVE;
				CLANG_WARN_UNREACHABLE_CODE = YES;
				CLANG_WARN__DUPLICATE_METHOD_MATCH = YES;
				COPY_PHASE_STRIP = NO;
				DEBUG_INFORMATION_FORMAT = dwarf;
				ENABLE_STRICT_OBJC_MSGSEND = YES;
				ENABLE_TESTABILITY = YES;
				ENABLE_USER_SCRIPT_SANDBOXING = YES;
				GCC_C_LANGUAGE_STANDARD = gnu17;
				GCC_DYNAMIC_NO_PIC = NO;
				GCC_NO_COMMON_BLOCKS = YES;
				GCC_OPTIMIZATION_LEVEL = 0;
				GCC_PREPROCESSOR_DEFINITIONS = (
					"DEBUG=1",
					"$(inherited)",
				);
				GCC_WARN_64_TO_32_BIT_CONVERSION = YES;
				GCC_WARN_ABOUT_RETURN_TYPE = YES_ERROR;
				GCC_WARN_UNDECLARED_SELECTOR = YES;
				GCC_WARN_UNINITIALIZED_AUTOS = YES_AGGRESSIVE;
				GCC_WARN_UNUSED_FUNCTION = YES;
				GCC_WARN_UNUSED_VARIABLE = YES;
				IPHONEOS_DEPLOYMENT_TARGET = 18.0;
				LOCALIZATION_PREFERS_STRING_CATALOGS = YES;
				MTL_ENABLE_DEBUG_INFO = INCLUDE_SOURCE;
				MTL_FAST_MATH = YES;
				ONLY_ACTIVE_ARCH = YES;
				SDKROOT = iphoneos;
				SWIFT_ACTIVE_COMPILATION_CONDITIONS = "DEBUG $(inherited)";
				SWIFT_EMIT_LOC_STRINGS = YES;
				SWIFT_OPTIMIZATION_LEVEL = "-Onone";
			};
			name = Debug;
		};
		B71A7EB72C9B062800023211 /* Release */ = {
			isa = XCBuildConfiguration;
			buildSettings = {
				ALWAYS_SEARCH_USER_PATHS = NO;
				ASSETCATALOG_COMPILER_GENERATE_SWIFT_ASSET_SYMBOL_EXTENSIONS = YES;
				CLANG_ANALYZER_NONNULL = YES;
				CLANG_ANALYZER_NUMBER_OBJECT_CONVERSION = YES_AGGRESSIVE;
				CLANG_CXX_LANGUAGE_STANDARD = "gnu++20";
				CLANG_ENABLE_MODULES = YES;
				CLANG_ENABLE_OBJC_ARC = YES;
				CLANG_ENABLE_OBJC_WEAK = YES;
				CLANG_WARN_BLOCK_CAPTURE_AUTORELEASING = YES;
				CLANG_WARN_BOOL_CONVERSION = YES;
				CLANG_WARN_COMMA = YES;
				CLANG_WARN_CONSTANT_CONVERSION = YES;
				CLANG_WARN_DEPRECATED_OBJC_IMPLEMENTATIONS = YES;
				CLANG_WARN_DIRECT_OBJC_ISA_USAGE = YES_ERROR;
				CLANG_WARN_DOCUMENTATION_COMMENTS = YES;
				CLANG_WARN_EMPTY_BODY = YES;
				CLANG_WARN_ENUM_CONVERSION = YES;
				CLANG_WARN_INFINITE_RECURSION = YES;
				CLANG_WARN_INT_CONVERSION = YES;
				CLANG_WARN_NON_LITERAL_NULL_CONVERSION = YES;
				CLANG_WARN_OBJC_IMPLICIT_RETAIN_SELF = YES;
				CLANG_WARN_OBJC_LITERAL_CONVERSION = YES;
				CLANG_WARN_OBJC_ROOT_CLASS = YES_ERROR;
				CLANG_WARN_QUOTED_INCLUDE_IN_FRAMEWORK_HEADER = YES;
				CLANG_WARN_RANGE_LOOP_ANALYSIS = YES;
				CLANG_WARN_STRICT_PROTOTYPES = YES;
				CLANG_WARN_SUSPICIOUS_MOVE = YES;
				CLANG_WARN_UNGUARDED_AVAILABILITY = YES_AGGRESSIVE;
				CLANG_WARN_UNREACHABLE_CODE = YES;
				CLANG_WARN__DUPLICATE_METHOD_MATCH = YES;
				COPY_PHASE_STRIP = NO;
				DEBUG_INFORMATION_FORMAT = "dwarf-with-dsym";
				ENABLE_NS_ASSERTIONS = NO;
				ENABLE_STRICT_OBJC_MSGSEND = YES;
				ENABLE_USER_SCRIPT_SANDBOXING = YES;
				GCC_C_LANGUAGE_STANDARD = gnu17;
				GCC_NO_COMMON_BLOCKS = YES;
				GCC_WARN_64_TO_32_BIT_CONVERSION = YES;
				GCC_WARN_ABOUT_RETURN_TYPE = YES_ERROR;
				GCC_WARN_UNDECLARED_SELECTOR = YES;
				GCC_WARN_UNINITIALIZED_AUTOS = YES_AGGRESSIVE;
				GCC_WARN_UNUSED_FUNCTION = YES;
				GCC_WARN_UNUSED_VARIABLE = YES;
				IPHONEOS_DEPLOYMENT_TARGET = 18.0;
				LOCALIZATION_PREFERS_STRING_CATALOGS = YES;
				MTL_ENABLE_DEBUG_INFO = NO;
				MTL_FAST_MATH = YES;
				SDKROOT = iphoneos;
				SWIFT_COMPILATION_MODE = wholemodule;
				SWIFT_EMIT_LOC_STRINGS = YES;
				VALIDATE_PRODUCT = YES;
			};
			name = Release;
		};
		B71A7EB92C9B062800023211 /* Debug */ = {
			isa = XCBuildConfiguration;
			buildSettings = {
				ASSETCATALOG_COMPILER_APPICON_NAME = AppIcon;
				ASSETCATALOG_COMPILER_GLOBAL_ACCENT_COLOR_NAME = AccentColor;
				CODE_SIGN_STYLE = Automatic;
				CURRENT_PROJECT_VERSION = 1;
				DEVELOPMENT_ASSET_PATHS = "\"Training/Preview Content\"";
				DEVELOPMENT_TEAM = 3S7EA557V7;
				ENABLE_PREVIEWS = YES;
				GENERATE_INFOPLIST_FILE = YES;
				INFOPLIST_KEY_UIApplicationSceneManifest_Generation = YES;
				INFOPLIST_KEY_UIApplicationSupportsIndirectInputEvents = YES;
				INFOPLIST_KEY_UILaunchScreen_Generation = YES;
				INFOPLIST_KEY_UISupportedInterfaceOrientations_iPad = "UIInterfaceOrientationPortrait UIInterfaceOrientationPortraitUpsideDown UIInterfaceOrientationLandscapeLeft UIInterfaceOrientationLandscapeRight";
				INFOPLIST_KEY_UISupportedInterfaceOrientations_iPhone = "UIInterfaceOrientationPortrait UIInterfaceOrientationLandscapeLeft UIInterfaceOrientationLandscapeRight";
				LD_RUNPATH_SEARCH_PATHS = (
					"$(inherited)",
					"@executable_path/Frameworks",
				);
				MARKETING_VERSION = 1.0;
				PRODUCT_BUNDLE_IDENTIFIER = com.hume.Suburi;
				PRODUCT_NAME = "$(TARGET_NAME)";
				SWIFT_EMIT_LOC_STRINGS = YES;
				SWIFT_VERSION = 5.0;
				TARGETED_DEVICE_FAMILY = "1,2";
			};
			name = Debug;
		};
		B71A7EBA2C9B062800023211 /* Release */ = {
			isa = XCBuildConfiguration;
			buildSettings = {
				ASSETCATALOG_COMPILER_APPICON_NAME = AppIcon;
				ASSETCATALOG_COMPILER_GLOBAL_ACCENT_COLOR_NAME = AccentColor;
				CODE_SIGN_STYLE = Automatic;
				CURRENT_PROJECT_VERSION = 1;
				DEVELOPMENT_ASSET_PATHS = "\"Training/Preview Content\"";
				DEVELOPMENT_TEAM = 3S7EA557V7;
				ENABLE_PREVIEWS = YES;
				GENERATE_INFOPLIST_FILE = YES;
				INFOPLIST_KEY_UIApplicationSceneManifest_Generation = YES;
				INFOPLIST_KEY_UIApplicationSupportsIndirectInputEvents = YES;
				INFOPLIST_KEY_UILaunchScreen_Generation = YES;
				INFOPLIST_KEY_UISupportedInterfaceOrientations_iPad = "UIInterfaceOrientationPortrait UIInterfaceOrientationPortraitUpsideDown UIInterfaceOrientationLandscapeLeft UIInterfaceOrientationLandscapeRight";
				INFOPLIST_KEY_UISupportedInterfaceOrientations_iPhone = "UIInterfaceOrientationPortrait UIInterfaceOrientationLandscapeLeft UIInterfaceOrientationLandscapeRight";
				LD_RUNPATH_SEARCH_PATHS = (
					"$(inherited)",
					"@executable_path/Frameworks",
				);
				MARKETING_VERSION = 1.0;
				PRODUCT_BUNDLE_IDENTIFIER = com.hume.Suburi;
				PRODUCT_NAME = "$(TARGET_NAME)";
				SWIFT_EMIT_LOC_STRINGS = YES;
				SWIFT_VERSION = 5.0;
				TARGETED_DEVICE_FAMILY = "1,2";
			};
			name = Release;
		};
		B71A7EBC2C9B062800023211 /* Debug */ = {
			isa = XCBuildConfiguration;
			buildSettings = {
				BUNDLE_LOADER = "$(TEST_HOST)";
				CODE_SIGN_STYLE = Automatic;
				CURRENT_PROJECT_VERSION = 1;
				DEVELOPMENT_TEAM = 3S7EA557V7;
				GENERATE_INFOPLIST_FILE = YES;
				IPHONEOS_DEPLOYMENT_TARGET = 18.0;
				MARKETING_VERSION = 1.0;
				PRODUCT_BUNDLE_IDENTIFIER = com.hume.TrainingTests;
				PRODUCT_NAME = "$(TARGET_NAME)";
				SWIFT_EMIT_LOC_STRINGS = NO;
				SWIFT_VERSION = 5.0;
				TARGETED_DEVICE_FAMILY = "1,2";
				TEST_HOST = "$(BUILT_PRODUCTS_DIR)/Suburi.app/$(BUNDLE_EXECUTABLE_FOLDER_PATH)/Suburi";
			};
			name = Debug;
		};
		B71A7EBD2C9B062800023211 /* Release */ = {
			isa = XCBuildConfiguration;
			buildSettings = {
				BUNDLE_LOADER = "$(TEST_HOST)";
				CODE_SIGN_STYLE = Automatic;
				CURRENT_PROJECT_VERSION = 1;
				DEVELOPMENT_TEAM = 3S7EA557V7;
				GENERATE_INFOPLIST_FILE = YES;
				IPHONEOS_DEPLOYMENT_TARGET = 18.0;
				MARKETING_VERSION = 1.0;
				PRODUCT_BUNDLE_IDENTIFIER = com.hume.TrainingTests;
				PRODUCT_NAME = "$(TARGET_NAME)";
				SWIFT_EMIT_LOC_STRINGS = NO;
				SWIFT_VERSION = 5.0;
				TARGETED_DEVICE_FAMILY = "1,2";
				TEST_HOST = "$(BUILT_PRODUCTS_DIR)/Suburi.app/$(BUNDLE_EXECUTABLE_FOLDER_PATH)/Suburi";
			};
			name = Release;
		};
		B71A7EBF2C9B062800023211 /* Debug */ = {
			isa = XCBuildConfiguration;
			buildSettings = {
				CODE_SIGN_STYLE = Automatic;
				CURRENT_PROJECT_VERSION = 1;
				DEVELOPMENT_TEAM = 3S7EA557V7;
				GENERATE_INFOPLIST_FILE = YES;
				MARKETING_VERSION = 1.0;
				PRODUCT_BUNDLE_IDENTIFIER = com.hume.TrainingUITests;
				PRODUCT_NAME = "$(TARGET_NAME)";
				SWIFT_EMIT_LOC_STRINGS = NO;
				SWIFT_VERSION = 5.0;
				TARGETED_DEVICE_FAMILY = "1,2";
				TEST_TARGET_NAME = Training;
			};
			name = Debug;
		};
		B71A7EC02C9B062800023211 /* Release */ = {
			isa = XCBuildConfiguration;
			buildSettings = {
				CODE_SIGN_STYLE = Automatic;
				CURRENT_PROJECT_VERSION = 1;
				DEVELOPMENT_TEAM = 3S7EA557V7;
				GENERATE_INFOPLIST_FILE = YES;
				MARKETING_VERSION = 1.0;
				PRODUCT_BUNDLE_IDENTIFIER = com.hume.TrainingUITests;
				PRODUCT_NAME = "$(TARGET_NAME)";
				SWIFT_EMIT_LOC_STRINGS = NO;
				SWIFT_VERSION = 5.0;
				TARGETED_DEVICE_FAMILY = "1,2";
				TEST_TARGET_NAME = Training;
			};
			name = Release;
		};
/* End XCBuildConfiguration section */

/* Begin XCConfigurationList section */
		B71A7E8F2C9B062700023211 /* Build configuration list for PBXProject "Suburi" */ = {
			isa = XCConfigurationList;
			buildConfigurations = (
				B71A7EB62C9B062800023211 /* Debug */,
				B71A7EB72C9B062800023211 /* Release */,
			);
			defaultConfigurationIsVisible = 0;
			defaultConfigurationName = Release;
		};
		B71A7EB82C9B062800023211 /* Build configuration list for PBXNativeTarget "Suburi" */ = {
			isa = XCConfigurationList;
			buildConfigurations = (
				B71A7EB92C9B062800023211 /* Debug */,
				B71A7EBA2C9B062800023211 /* Release */,
			);
			defaultConfigurationIsVisible = 0;
			defaultConfigurationName = Release;
		};
		B71A7EBB2C9B062800023211 /* Build configuration list for PBXNativeTarget "SuburiTests" */ = {
			isa = XCConfigurationList;
			buildConfigurations = (
				B71A7EBC2C9B062800023211 /* Debug */,
				B71A7EBD2C9B062800023211 /* Release */,
			);
			defaultConfigurationIsVisible = 0;
			defaultConfigurationName = Release;
		};
		B71A7EBE2C9B062800023211 /* Build configuration list for PBXNativeTarget "SuburiUITests" */ = {
			isa = XCConfigurationList;
			buildConfigurations = (
				B71A7EBF2C9B062800023211 /* Debug */,
				B71A7EC02C9B062800023211 /* Release */,
			);
			defaultConfigurationIsVisible = 0;
			defaultConfigurationName = Release;
		};
/* End XCConfigurationList section */

/* Begin XCRemoteSwiftPackageReference section */
		B7FC80D12CA4493700638D99 /* XCRemoteSwiftPackageReference "HighlightSwift" */ = {
			isa = XCRemoteSwiftPackageReference;
			repositoryURL = "git@github.com:appstefan/HighlightSwift.git";
			requirement = {
				kind = upToNextMajorVersion;
				minimumVersion = 1.0.9;
			};
		};
/* End XCRemoteSwiftPackageReference section */

/* Begin XCSwiftPackageProductDependency section */
		B7FC80D22CA4493700638D99 /* HighlightSwift */ = {
			isa = XCSwiftPackageProductDependency;
			package = B7FC80D12CA4493700638D99 /* XCRemoteSwiftPackageReference "HighlightSwift" */;
			productName = HighlightSwift;
		};
/* End XCSwiftPackageProductDependency section */
	};
	rootObject = B71A7E8C2C9B062700023211 /* Project object */;
}
